
Microsoft Visual Studio Solution File, Format Version 12.00
# Visual Studio Version 17
VisualStudioVersion = 17.11.35219.272
MinimumVisualStudioVersion = 10.0.40219.1
Project("{FAE04EC0-301F-11D3-BF4B-00C04F79EFBC}") = "Odev2.3", "Odev2.3\Odev2.3.csproj", "{D33C0A4B-AC71-4E25-B927-9E8DB57581FE}"
EndProject
Global
	GlobalSection(SolutionConfigurationPlatforms) = preSolution
		Debug|Any CPU = Debug|Any CPU
		Release|Any CPU = Release|Any CPU
	EndGlobalSection
	GlobalSection(ProjectConfigurationPlatforms) = postSolution
		{D33C0A4B-AC71-4E25-B927-9E8DB57581FE}.Debug|Any CPU.ActiveCfg = Debug|Any CPU
		{D33C0A4B-AC71-4E25-B927-9E8DB57581FE}.Debug|Any CPU.Build.0 = Debug|Any CPU
		{D33C0A4B-AC71-4E25-B927-9E8DB57581FE}.Release|Any CPU.ActiveCfg = Release|Any CPU
		{D33C0A4B-AC71-4E25-B927-9E8DB57581FE}.Release|Any CPU.Build.0 = Release|Any CPU
	EndGlobalSection
	GlobalSection(SolutionProperties) = preSolution
		HideSolutionNode = FALSE
	EndGlobalSection
	GlobalSection(ExtensibilityGlobals) = postSolution
		SolutionGuid = {21A95B37-3980-4392-9758-AD0FA2DB16AC}
	EndGlobalSection
EndGlobal
